
Microsoft Visual Studio Solution File, Format Version 12.00
# Visual Studio Version 17
VisualStudioVersion = 17.14.36915.13
MinimumVisualStudioVersion = 10.0.40219.1
Project("{FAE04EC0-301F-11D3-BF4B-00C04F79EFBC}") = "Observer", "Observer\Observer.csproj", "{5C654813-567E-46E2-AD78-EBC89EF056F5}"
EndProject
Project("{FAE04EC0-301F-11D3-BF4B-00C04F79EFBC}") = "Strategy", "..\Strategy\Strategy.csproj", "{80DCAE6F-3F60-4523-9121-B3A11C3AC138}"
EndProject
Project("{FAE04EC0-301F-11D3-BF4B-00C04F79EFBC}") = "TemplateMethod", "TemplateMethod\TemplateMethod.csproj", "{09229701-5E61-4870-8E51-CF4DE23D46C7}"
EndProject
Project("{FAE04EC0-301F-11D3-BF4B-00C04F79EFBC}") = "Memento", "..\Memento\Memento.csproj", "{706A5C4D-5630-4B6A-9DAD-E2764134E537}"
EndProject
Project("{FAE04EC0-301F-11D3-BF4B-00C04F79EFBC}") = "Vistor", "..\Vistor\Vistor.csproj", "{F77E8FAA-FE6C-4C23-8BC0-BA403EE3A2BC}"
EndProject
Project("{FAE04EC0-301F-11D3-BF4B-00C04F79EFBC}") = "Iterator", "Iterator\Iterator.csproj", "{04E8C7F5-B98A-426F-A943-8BE1336CFFF0}"
EndProject
Project("{FAE04EC0-301F-11D3-BF4B-00C04F79EFBC}") = "ChainOfResponsibility", "ChainOfResponsibility\ChainOfResponsibility.csproj", "{371854D5-A7EC-4F8E-9A84-04AADEFCB703}"
EndProject
Project("{FAE04EC0-301F-11D3-BF4B-00C04F79EFBC}") = "State", "State\State.csproj", "{D6EC2A87-22CB-4CE5-9F53-410D5A1914DD}"
EndProject
Global
	GlobalSection(SolutionConfigurationPlatforms) = preSolution
		Debug|Any CPU = Debug|Any CPU
		Release|Any CPU = Release|Any CPU
	EndGlobalSection
	GlobalSection(ProjectConfigurationPlatforms) = postSolution
		{5C654813-567E-46E2-AD78-EBC89EF056F5}.Debug|Any CPU.ActiveCfg = Debug|Any CPU
		{5C654813-567E-46E2-AD78-EBC89EF056F5}.Release|Any CPU.ActiveCfg = Release|Any CPU
		{5C654813-567E-46E2-AD78-EBC89EF056F5}.Release|Any CPU.Build.0 = Release|Any CPU
		{80DCAE6F-3F60-4523-9121-B3A11C3AC138}.Debug|Any CPU.ActiveCfg = Debug|Any CPU
		{80DCAE6F-3F60-4523-9121-B3A11C3AC138}.Release|Any CPU.ActiveCfg = Release|Any CPU
		{80DCAE6F-3F60-4523-9121-B3A11C3AC138}.Release|Any CPU.Build.0 = Release|Any CPU
		{09229701-5E61-4870-8E51-CF4DE23D46C7}.Debug|Any CPU.ActiveCfg = Debug|Any CPU
		{09229701-5E61-4870-8E51-CF4DE23D46C7}.Debug|Any CPU.Build.0 = Debug|Any CPU
		{09229701-5E61-4870-8E51-CF4DE23D46C7}.Release|Any CPU.ActiveCfg = Release|Any CPU
		{09229701-5E61-4870-8E51-CF4DE23D46C7}.Release|Any CPU.Build.0 = Release|Any CPU
		{706A5C4D-5630-4B6A-9DAD-E2764134E537}.Debug|Any CPU.ActiveCfg = Debug|Any CPU
		{706A5C4D-5630-4B6A-9DAD-E2764134E537}.Debug|Any CPU.Build.0 = Debug|Any CPU
		{706A5C4D-5630-4B6A-9DAD-E2764134E537}.Release|Any CPU.ActiveCfg = Release|Any CPU
		{706A5C4D-5630-4B6A-9DAD-E2764134E537}.Release|Any CPU.Build.0 = Release|Any CPU
		{F77E8FAA-FE6C-4C23-8BC0-BA403EE3A2BC}.Debug|Any CPU.ActiveCfg = Debug|Any CPU
		{F77E8FAA-FE6C-4C23-8BC0-BA403EE3A2BC}.Debug|Any CPU.Build.0 = Debug|Any CPU
		{F77E8FAA-FE6C-4C23-8BC0-BA403EE3A2BC}.Release|Any CPU.ActiveCfg = Release|Any CPU
		{F77E8FAA-FE6C-4C23-8BC0-BA403EE3A2BC}.Release|Any CPU.Build.0 = Release|Any CPU
		{04E8C7F5-B98A-426F-A943-8BE1336CFFF0}.Debug|Any CPU.ActiveCfg = Debug|Any CPU
		{04E8C7F5-B98A-426F-A943-8BE1336CFFF0}.Debug|Any CPU.Build.0 = Debug|Any CPU
		{04E8C7F5-B98A-426F-A943-8BE1336CFFF0}.Release|Any CPU.ActiveCfg = Release|Any CPU
		{04E8C7F5-B98A-426F-A943-8BE1336CFFF0}.Release|Any CPU.Build.0 = Release|Any CPU
		{371854D5-A7EC-4F8E-9A84-04AADEFCB703}.Debug|Any CPU.ActiveCfg = Debug|Any CPU
		{371854D5-A7EC-4F8E-9A84-04AADEFCB703}.Debug|Any CPU.Build.0 = Debug|Any CPU
		{371854D5-A7EC-4F8E-9A84-04AADEFCB703}.Release|Any CPU.ActiveCfg = Release|Any CPU
		{371854D5-A7EC-4F8E-9A84-04AADEFCB703}.Release|Any CPU.Build.0 = Release|Any CPU
		{D6EC2A87-22CB-4CE5-9F53-410D5A1914DD}.Debug|Any CPU.ActiveCfg = Debug|Any CPU
		{D6EC2A87-22CB-4CE5-9F53-410D5A1914DD}.Debug|Any CPU.Build.0 = Debug|Any CPU
		{D6EC2A87-22CB-4CE5-9F53-410D5A1914DD}.Release|Any CPU.ActiveCfg = Release|Any CPU
		{D6EC2A87-22CB-4CE5-9F53-410D5A1914DD}.Release|Any CPU.Build.0 = Release|Any CPU
	EndGlobalSection
	GlobalSection(SolutionProperties) = preSolution
		HideSolutionNode = FALSE
	EndGlobalSection
	GlobalSection(ExtensibilityGlobals) = postSolution
		SolutionGuid = {186CA0AF-5612-451C-91C8-8978715BA3CE}
	EndGlobalSection
EndGlobal
